
Microsoft Visual Studio Solution File, Format Version 12.00
# Visual Studio 15
VisualStudioVersion = 15.0.28010.2003
MinimumVisualStudioVersion = 10.0.40219.1
Project("{9A19103F-16F7-4668-BE54-9A1E7A4F7556}") = "P00_CustomList", "P00_CustomList\P00_CustomList.csproj", "{B584437A-5085-478D-829D-2ED1BC37D12B}"
EndProject
Project("{FAE04EC0-301F-11D3-BF4B-00C04F79EFBC}") = "P01_GalacticGPS", "P01_GalacticGPS\P01_GalacticGPS.csproj", "{15F34EF9-9C86-41E4-9F4B-BE4CB7A4D8F7}"
EndProject
Project("{FAE04EC0-301F-11D3-BF4B-00C04F79EFBC}") = "P02_FractionCalculator", "P02_FractionCalculator\P02_FractionCalculator.csproj", "{2272DC83-4205-4DE7-9F2F-4F8E002CD17B}"
EndProject
Project("{FAE04EC0-301F-11D3-BF4B-00C04F79EFBC}") = "P03_GenericList", "P03_GenericList\P03_GenericList.csproj", "{6F1FBF46-AEDD-4B7D-9130-BD01169298CF}"
EndProject
Global
	GlobalSection(SolutionConfigurationPlatforms) = preSolution
		Debug|Any CPU = Debug|Any CPU
		Release|Any CPU = Release|Any CPU
	EndGlobalSection
	GlobalSection(ProjectConfigurationPlatforms) = postSolution
		{B584437A-5085-478D-829D-2ED1BC37D12B}.Debug|Any CPU.ActiveCfg = Debug|Any CPU
		{B584437A-5085-478D-829D-2ED1BC37D12B}.Debug|Any CPU.Build.0 = Debug|Any CPU
		{B584437A-5085-478D-829D-2ED1BC37D12B}.Release|Any CPU.ActiveCfg = Release|Any CPU
		{B584437A-5085-478D-829D-2ED1BC37D12B}.Release|Any CPU.Build.0 = Release|Any CPU
		{15F34EF9-9C86-41E4-9F4B-BE4CB7A4D8F7}.Debug|Any CPU.ActiveCfg = Debug|Any CPU
		{15F34EF9-9C86-41E4-9F4B-BE4CB7A4D8F7}.Debug|Any CPU.Build.0 = Debug|Any CPU
		{15F34EF9-9C86-41E4-9F4B-BE4CB7A4D8F7}.Release|Any CPU.ActiveCfg = Release|Any CPU
		{15F34EF9-9C86-41E4-9F4B-BE4CB7A4D8F7}.Release|Any CPU.Build.0 = Release|Any CPU
		{2272DC83-4205-4DE7-9F2F-4F8E002CD17B}.Debug|Any CPU.ActiveCfg = Debug|Any CPU
		{2272DC83-4205-4DE7-9F2F-4F8E002CD17B}.Debug|Any CPU.Build.0 = Debug|Any CPU
		{2272DC83-4205-4DE7-9F2F-4F8E002CD17B}.Release|Any CPU.ActiveCfg = Release|Any CPU
		{2272DC83-4205-4DE7-9F2F-4F8E002CD17B}.Release|Any CPU.Build.0 = Release|Any CPU
		{6F1FBF46-AEDD-4B7D-9130-BD01169298CF}.Debug|Any CPU.ActiveCfg = Debug|Any CPU
		{6F1FBF46-AEDD-4B7D-9130-BD01169298CF}.Debug|Any CPU.Build.0 = Debug|Any CPU
		{6F1FBF46-AEDD-4B7D-9130-BD01169298CF}.Release|Any CPU.ActiveCfg = Release|Any CPU
		{6F1FBF46-AEDD-4B7D-9130-BD01169298CF}.Release|Any CPU.Build.0 = Release|Any CPU
	EndGlobalSection
	GlobalSection(SolutionProperties) = preSolution
		HideSolutionNode = FALSE
	EndGlobalSection
	GlobalSection(ExtensibilityGlobals) = postSolution
		SolutionGuid = {420F56C4-272E-4EE0-A69D-96338503B3FC}
	EndGlobalSection
EndGlobal
