
Microsoft Visual Studio Solution File, Format Version 12.00
# Visual Studio 15
VisualStudioVersion = 15.0.28010.2003
MinimumVisualStudioVersion = 10.0.40219.1
Project("{FAE04EC0-301F-11D3-BF4B-00C04F79EFBC}") = "P00_CustomList", "P00_CustomList\P00_CustomList.csproj", "{B584437A-5085-478D-829D-2ED1BC37D12B}"
EndProject
Global
	GlobalSection(SolutionConfigurationPlatforms) = preSolution
		Debug|Any CPU = Debug|Any CPU
		Release|Any CPU = Release|Any CPU
	EndGlobalSection
	GlobalSection(ProjectConfigurationPlatforms) = postSolution
		{B584437A-5085-478D-829D-2ED1BC37D12B}.Debug|Any CPU.ActiveCfg = Debug|Any CPU
		{B584437A-5085-478D-829D-2ED1BC37D12B}.Debug|Any CPU.Build.0 = Debug|Any CPU
		{B584437A-5085-478D-829D-2ED1BC37D12B}.Release|Any CPU.ActiveCfg = Release|Any CPU
		{B584437A-5085-478D-829D-2ED1BC37D12B}.Release|Any CPU.Build.0 = Release|Any CPU
	EndGlobalSection
	GlobalSection(SolutionProperties) = preSolution
		HideSolutionNode = FALSE
	EndGlobalSection
	GlobalSection(ExtensibilityGlobals) = postSolution
		SolutionGuid = {420F56C4-272E-4EE0-A69D-96338503B3FC}
	EndGlobalSection
EndGlobal
