
Microsoft Visual Studio Solution File, Format Version 12.00
# Visual Studio 15
VisualStudioVersion = 15.0.27703.2042
MinimumVisualStudioVersion = 10.0.40219.1
Project("{9A19103F-16F7-4668-BE54-9A1E7A4F7556}") = "01. Define a Class Person", "01. Define a Class Person\01. Define a Class Person.csproj", "{C12D1256-2BBA-4CE2-A7E9-1B71E4FBA4A5}"
EndProject
Project("{9A19103F-16F7-4668-BE54-9A1E7A4F7556}") = "02. Date Modifier", "02. Date Modifier\02. Date Modifier.csproj", "{A583BA54-A5F5-4142-906A-96E9DE21BE62}"
EndProject
Project("{9A19103F-16F7-4668-BE54-9A1E7A4F7556}") = "03. Company Roster", "03. Company Roster\03. Company Roster.csproj", "{4E486E80-AEDA-4AD3-997B-7F050E827905}"
EndProject
Project("{9A19103F-16F7-4668-BE54-9A1E7A4F7556}") = "04. Speed Racing", "04. Speed Racing\04. Speed Racing.csproj", "{E300C884-B27F-4AC1-9E21-8BB65D5493F5}"
EndProject
Project("{9A19103F-16F7-4668-BE54-9A1E7A4F7556}") = "05. Raw Data", "05. Raw Data\05. Raw Data.csproj", "{F6D38941-0471-4FA5-A67C-421481EF071A}"
EndProject
Project("{9A19103F-16F7-4668-BE54-9A1E7A4F7556}") = "06. Rectangle Intersection", "06. Rectangle Intersection\06. Rectangle Intersection.csproj", "{A76855A5-D9FE-4E56-A36D-E76A21A2D1E7}"
EndProject
Project("{9A19103F-16F7-4668-BE54-9A1E7A4F7556}") = "07. Car Salesman", "07. Car Salesman\07. Car Salesman.csproj", "{F4782A2A-1A36-496C-9E40-B102DE4F6481}"
EndProject
Project("{FAE04EC0-301F-11D3-BF4B-00C04F79EFBC}") = "08. Pokemon Trainer", "08. Pokemon Trainer\08. Pokemon Trainer.csproj", "{5A221D81-C901-4ED6-B0C9-A3919A7BDFB1}"
EndProject
Global
	GlobalSection(SolutionConfigurationPlatforms) = preSolution
		Debug|Any CPU = Debug|Any CPU
		Release|Any CPU = Release|Any CPU
	EndGlobalSection
	GlobalSection(ProjectConfigurationPlatforms) = postSolution
		{C12D1256-2BBA-4CE2-A7E9-1B71E4FBA4A5}.Debug|Any CPU.ActiveCfg = Debug|Any CPU
		{C12D1256-2BBA-4CE2-A7E9-1B71E4FBA4A5}.Debug|Any CPU.Build.0 = Debug|Any CPU
		{C12D1256-2BBA-4CE2-A7E9-1B71E4FBA4A5}.Release|Any CPU.ActiveCfg = Release|Any CPU
		{C12D1256-2BBA-4CE2-A7E9-1B71E4FBA4A5}.Release|Any CPU.Build.0 = Release|Any CPU
		{A583BA54-A5F5-4142-906A-96E9DE21BE62}.Debug|Any CPU.ActiveCfg = Debug|Any CPU
		{A583BA54-A5F5-4142-906A-96E9DE21BE62}.Debug|Any CPU.Build.0 = Debug|Any CPU
		{A583BA54-A5F5-4142-906A-96E9DE21BE62}.Release|Any CPU.ActiveCfg = Release|Any CPU
		{A583BA54-A5F5-4142-906A-96E9DE21BE62}.Release|Any CPU.Build.0 = Release|Any CPU
		{4E486E80-AEDA-4AD3-997B-7F050E827905}.Debug|Any CPU.ActiveCfg = Debug|Any CPU
		{4E486E80-AEDA-4AD3-997B-7F050E827905}.Debug|Any CPU.Build.0 = Debug|Any CPU
		{4E486E80-AEDA-4AD3-997B-7F050E827905}.Release|Any CPU.ActiveCfg = Release|Any CPU
		{4E486E80-AEDA-4AD3-997B-7F050E827905}.Release|Any CPU.Build.0 = Release|Any CPU
		{E300C884-B27F-4AC1-9E21-8BB65D5493F5}.Debug|Any CPU.ActiveCfg = Debug|Any CPU
		{E300C884-B27F-4AC1-9E21-8BB65D5493F5}.Debug|Any CPU.Build.0 = Debug|Any CPU
		{E300C884-B27F-4AC1-9E21-8BB65D5493F5}.Release|Any CPU.ActiveCfg = Release|Any CPU
		{E300C884-B27F-4AC1-9E21-8BB65D5493F5}.Release|Any CPU.Build.0 = Release|Any CPU
		{F6D38941-0471-4FA5-A67C-421481EF071A}.Debug|Any CPU.ActiveCfg = Debug|Any CPU
		{F6D38941-0471-4FA5-A67C-421481EF071A}.Debug|Any CPU.Build.0 = Debug|Any CPU
		{F6D38941-0471-4FA5-A67C-421481EF071A}.Release|Any CPU.ActiveCfg = Release|Any CPU
		{F6D38941-0471-4FA5-A67C-421481EF071A}.Release|Any CPU.Build.0 = Release|Any CPU
		{A76855A5-D9FE-4E56-A36D-E76A21A2D1E7}.Debug|Any CPU.ActiveCfg = Debug|Any CPU
		{A76855A5-D9FE-4E56-A36D-E76A21A2D1E7}.Debug|Any CPU.Build.0 = Debug|Any CPU
		{A76855A5-D9FE-4E56-A36D-E76A21A2D1E7}.Release|Any CPU.ActiveCfg = Release|Any CPU
		{A76855A5-D9FE-4E56-A36D-E76A21A2D1E7}.Release|Any CPU.Build.0 = Release|Any CPU
		{F4782A2A-1A36-496C-9E40-B102DE4F6481}.Debug|Any CPU.ActiveCfg = Debug|Any CPU
		{F4782A2A-1A36-496C-9E40-B102DE4F6481}.Debug|Any CPU.Build.0 = Debug|Any CPU
		{F4782A2A-1A36-496C-9E40-B102DE4F6481}.Release|Any CPU.ActiveCfg = Release|Any CPU
		{F4782A2A-1A36-496C-9E40-B102DE4F6481}.Release|Any CPU.Build.0 = Release|Any CPU
		{5A221D81-C901-4ED6-B0C9-A3919A7BDFB1}.Debug|Any CPU.ActiveCfg = Debug|Any CPU
		{5A221D81-C901-4ED6-B0C9-A3919A7BDFB1}.Debug|Any CPU.Build.0 = Debug|Any CPU
		{5A221D81-C901-4ED6-B0C9-A3919A7BDFB1}.Release|Any CPU.ActiveCfg = Release|Any CPU
		{5A221D81-C901-4ED6-B0C9-A3919A7BDFB1}.Release|Any CPU.Build.0 = Release|Any CPU
	EndGlobalSection
	GlobalSection(SolutionProperties) = preSolution
		HideSolutionNode = FALSE
	EndGlobalSection
	GlobalSection(ExtensibilityGlobals) = postSolution
		SolutionGuid = {639FBB44-64A3-42F5-9A0E-F5BA5055DDB9}
	EndGlobalSection
EndGlobal
