
Microsoft Visual Studio Solution File, Format Version 12.00
# Visual Studio 15
VisualStudioVersion = 15.0.27703.2047
MinimumVisualStudioVersion = 10.0.40219.1
Project("{FAE04EC0-301F-11D3-BF4B-00C04F79EFBC}") = "P01_SquareRoot", "P01_SquareRoot\P01_SquareRoot.csproj", "{03122F6F-7DB8-4EBC-8558-BB321B9203C6}"
EndProject
Project("{FAE04EC0-301F-11D3-BF4B-00C04F79EFBC}") = "P02_EnterNumbers", "P02_EnterNumbers\P02_EnterNumbers.csproj", "{C854B5A7-1B97-49DC-8DB2-382E3B777BB5}"
EndProject
Global
	GlobalSection(SolutionConfigurationPlatforms) = preSolution
		Debug|Any CPU = Debug|Any CPU
		Release|Any CPU = Release|Any CPU
	EndGlobalSection
	GlobalSection(ProjectConfigurationPlatforms) = postSolution
		{03122F6F-7DB8-4EBC-8558-BB321B9203C6}.Debug|Any CPU.ActiveCfg = Debug|Any CPU
		{03122F6F-7DB8-4EBC-8558-BB321B9203C6}.Debug|Any CPU.Build.0 = Debug|Any CPU
		{03122F6F-7DB8-4EBC-8558-BB321B9203C6}.Release|Any CPU.ActiveCfg = Release|Any CPU
		{03122F6F-7DB8-4EBC-8558-BB321B9203C6}.Release|Any CPU.Build.0 = Release|Any CPU
		{C854B5A7-1B97-49DC-8DB2-382E3B777BB5}.Debug|Any CPU.ActiveCfg = Debug|Any CPU
		{C854B5A7-1B97-49DC-8DB2-382E3B777BB5}.Debug|Any CPU.Build.0 = Debug|Any CPU
		{C854B5A7-1B97-49DC-8DB2-382E3B777BB5}.Release|Any CPU.ActiveCfg = Release|Any CPU
		{C854B5A7-1B97-49DC-8DB2-382E3B777BB5}.Release|Any CPU.Build.0 = Release|Any CPU
	EndGlobalSection
	GlobalSection(SolutionProperties) = preSolution
		HideSolutionNode = FALSE
	EndGlobalSection
	GlobalSection(ExtensibilityGlobals) = postSolution
		SolutionGuid = {70A00872-A4DE-45EE-A70B-3F8D32DEB121}
	EndGlobalSection
EndGlobal
