
Microsoft Visual Studio Solution File, Format Version 12.00
# Visual Studio 15
VisualStudioVersion = 15.0.27703.2042
MinimumVisualStudioVersion = 10.0.40219.1
Project("{FAE04EC0-301F-11D3-BF4B-00C04F79EFBC}") = "P01_Person", "P01_Person\P01_Person.csproj", "{3EB56B9C-A33D-40FE-8762-936C333340FA}"
EndProject
Project("{FAE04EC0-301F-11D3-BF4B-00C04F79EFBC}") = "P02_BookShop", "P02_BookShop\P02_BookShop.csproj", "{793D6A26-560D-4818-8173-F2F5E2D0D864}"
EndProject
Global
	GlobalSection(SolutionConfigurationPlatforms) = preSolution
		Debug|Any CPU = Debug|Any CPU
		Release|Any CPU = Release|Any CPU
	EndGlobalSection
	GlobalSection(ProjectConfigurationPlatforms) = postSolution
		{3EB56B9C-A33D-40FE-8762-936C333340FA}.Debug|Any CPU.ActiveCfg = Debug|Any CPU
		{3EB56B9C-A33D-40FE-8762-936C333340FA}.Debug|Any CPU.Build.0 = Debug|Any CPU
		{3EB56B9C-A33D-40FE-8762-936C333340FA}.Release|Any CPU.ActiveCfg = Release|Any CPU
		{3EB56B9C-A33D-40FE-8762-936C333340FA}.Release|Any CPU.Build.0 = Release|Any CPU
		{793D6A26-560D-4818-8173-F2F5E2D0D864}.Debug|Any CPU.ActiveCfg = Debug|Any CPU
		{793D6A26-560D-4818-8173-F2F5E2D0D864}.Debug|Any CPU.Build.0 = Debug|Any CPU
		{793D6A26-560D-4818-8173-F2F5E2D0D864}.Release|Any CPU.ActiveCfg = Release|Any CPU
		{793D6A26-560D-4818-8173-F2F5E2D0D864}.Release|Any CPU.Build.0 = Release|Any CPU
	EndGlobalSection
	GlobalSection(SolutionProperties) = preSolution
		HideSolutionNode = FALSE
	EndGlobalSection
	GlobalSection(ExtensibilityGlobals) = postSolution
		SolutionGuid = {50F312E2-E15F-466C-97A1-3AADC2C35217}
	EndGlobalSection
EndGlobal
