
Microsoft Visual Studio Solution File, Format Version 12.00
# Visual Studio 15
VisualStudioVersion = 15.0.28010.2036
MinimumVisualStudioVersion = 10.0.40219.1
Project("{FAE04EC0-301F-11D3-BF4B-00C04F79EFBC}") = "P01_Country", "P01_Country\P01_Country.csproj", "{C579749C-E417-4CA2-9F62-794698760C2B}"
EndProject
Project("{FAE04EC0-301F-11D3-BF4B-00C04F79EFBC}") = "P02_ValueAndReferenceTypes", "P02_ValueAndReferenceTypes\P02_ValueAndReferenceTypes.csproj", "{D54402F5-AE5A-415B-A08E-DF3CDC78CB2D}"
EndProject
Global
	GlobalSection(SolutionConfigurationPlatforms) = preSolution
		Debug|Any CPU = Debug|Any CPU
		Release|Any CPU = Release|Any CPU
	EndGlobalSection
	GlobalSection(ProjectConfigurationPlatforms) = postSolution
		{C579749C-E417-4CA2-9F62-794698760C2B}.Debug|Any CPU.ActiveCfg = Debug|Any CPU
		{C579749C-E417-4CA2-9F62-794698760C2B}.Debug|Any CPU.Build.0 = Debug|Any CPU
		{C579749C-E417-4CA2-9F62-794698760C2B}.Release|Any CPU.ActiveCfg = Release|Any CPU
		{C579749C-E417-4CA2-9F62-794698760C2B}.Release|Any CPU.Build.0 = Release|Any CPU
		{D54402F5-AE5A-415B-A08E-DF3CDC78CB2D}.Debug|Any CPU.ActiveCfg = Debug|Any CPU
		{D54402F5-AE5A-415B-A08E-DF3CDC78CB2D}.Debug|Any CPU.Build.0 = Debug|Any CPU
		{D54402F5-AE5A-415B-A08E-DF3CDC78CB2D}.Release|Any CPU.ActiveCfg = Release|Any CPU
		{D54402F5-AE5A-415B-A08E-DF3CDC78CB2D}.Release|Any CPU.Build.0 = Release|Any CPU
	EndGlobalSection
	GlobalSection(SolutionProperties) = preSolution
		HideSolutionNode = FALSE
	EndGlobalSection
	GlobalSection(ExtensibilityGlobals) = postSolution
		SolutionGuid = {7C43E754-5CF0-4F1B-8C4E-F3353328A7F4}
	EndGlobalSection
EndGlobal
