
Microsoft Visual Studio Solution File, Format Version 12.00
# Visual Studio 15
VisualStudioVersion = 15.0.28010.2036
MinimumVisualStudioVersion = 10.0.40219.1
Project("{FAE04EC0-301F-11D3-BF4B-00C04F79EFBC}") = "P01_Country", "P01_Country\P01_Country.csproj", "{C579749C-E417-4CA2-9F62-794698760C2B}"
EndProject
Project("{FAE04EC0-301F-11D3-BF4B-00C04F79EFBC}") = "P02_Customer", "P02_Customer\P02_Customer.csproj", "{AD4E0331-15F0-43AA-BCA1-9443764DDD25}"
EndProject
Project("{FAE04EC0-301F-11D3-BF4B-00C04F79EFBC}") = "P03_StringDisperser", "P03_StringDisperser\P03_StringDisperser.csproj", "{4E81677A-CA6D-4AC5-8393-F4058A8A6613}"
EndProject
Global
	GlobalSection(SolutionConfigurationPlatforms) = preSolution
		Debug|Any CPU = Debug|Any CPU
		Release|Any CPU = Release|Any CPU
	EndGlobalSection
	GlobalSection(ProjectConfigurationPlatforms) = postSolution
		{C579749C-E417-4CA2-9F62-794698760C2B}.Debug|Any CPU.ActiveCfg = Debug|Any CPU
		{C579749C-E417-4CA2-9F62-794698760C2B}.Debug|Any CPU.Build.0 = Debug|Any CPU
		{C579749C-E417-4CA2-9F62-794698760C2B}.Release|Any CPU.ActiveCfg = Release|Any CPU
		{C579749C-E417-4CA2-9F62-794698760C2B}.Release|Any CPU.Build.0 = Release|Any CPU
		{AD4E0331-15F0-43AA-BCA1-9443764DDD25}.Debug|Any CPU.ActiveCfg = Debug|Any CPU
		{AD4E0331-15F0-43AA-BCA1-9443764DDD25}.Debug|Any CPU.Build.0 = Debug|Any CPU
		{AD4E0331-15F0-43AA-BCA1-9443764DDD25}.Release|Any CPU.ActiveCfg = Release|Any CPU
		{AD4E0331-15F0-43AA-BCA1-9443764DDD25}.Release|Any CPU.Build.0 = Release|Any CPU
		{4E81677A-CA6D-4AC5-8393-F4058A8A6613}.Debug|Any CPU.ActiveCfg = Debug|Any CPU
		{4E81677A-CA6D-4AC5-8393-F4058A8A6613}.Debug|Any CPU.Build.0 = Debug|Any CPU
		{4E81677A-CA6D-4AC5-8393-F4058A8A6613}.Release|Any CPU.ActiveCfg = Release|Any CPU
		{4E81677A-CA6D-4AC5-8393-F4058A8A6613}.Release|Any CPU.Build.0 = Release|Any CPU
	EndGlobalSection
	GlobalSection(SolutionProperties) = preSolution
		HideSolutionNode = FALSE
	EndGlobalSection
	GlobalSection(ExtensibilityGlobals) = postSolution
		SolutionGuid = {7C43E754-5CF0-4F1B-8C4E-F3353328A7F4}
	EndGlobalSection
EndGlobal
