
Microsoft Visual Studio Solution File, Format Version 12.00
# Visual Studio 15
VisualStudioVersion = 15.0.27703.2047
MinimumVisualStudioVersion = 10.0.40219.1
Project("{FAE04EC0-301F-11D3-BF4B-00C04F79EFBC}") = "P01_Vehicles", "P01_Vehicles\P01_Vehicles.csproj", "{BCE73431-46D9-420B-A931-612221168CED}"
EndProject
Global
	GlobalSection(SolutionConfigurationPlatforms) = preSolution
		Debug|Any CPU = Debug|Any CPU
		Release|Any CPU = Release|Any CPU
	EndGlobalSection
	GlobalSection(ProjectConfigurationPlatforms) = postSolution
		{BCE73431-46D9-420B-A931-612221168CED}.Debug|Any CPU.ActiveCfg = Debug|Any CPU
		{BCE73431-46D9-420B-A931-612221168CED}.Debug|Any CPU.Build.0 = Debug|Any CPU
		{BCE73431-46D9-420B-A931-612221168CED}.Release|Any CPU.ActiveCfg = Release|Any CPU
		{BCE73431-46D9-420B-A931-612221168CED}.Release|Any CPU.Build.0 = Release|Any CPU
	EndGlobalSection
	GlobalSection(SolutionProperties) = preSolution
		HideSolutionNode = FALSE
	EndGlobalSection
	GlobalSection(ExtensibilityGlobals) = postSolution
		SolutionGuid = {A638F46A-C07C-4C75-94A0-D3502CC02D06}
	EndGlobalSection
EndGlobal
