
Microsoft Visual Studio Solution File, Format Version 12.00
# Visual Studio 15
VisualStudioVersion = 15.0.28010.2036
MinimumVisualStudioVersion = 10.0.40219.1
Project("{FAE04EC0-301F-11D3-BF4B-00C04F79EFBC}") = "P01_Predicates", "P01_Predicates\P01_Predicates.csproj", "{61F973C5-3A70-48B5-974B-1B5C2AA975B1}"
EndProject
Project("{FAE04EC0-301F-11D3-BF4B-00C04F79EFBC}") = "P02_Func", "P02_Func\P02_Func.csproj", "{7F8785C3-3485-4214-A3BE-92E7447FFEB3}"
EndProject
Global
	GlobalSection(SolutionConfigurationPlatforms) = preSolution
		Debug|Any CPU = Debug|Any CPU
		Release|Any CPU = Release|Any CPU
	EndGlobalSection
	GlobalSection(ProjectConfigurationPlatforms) = postSolution
		{61F973C5-3A70-48B5-974B-1B5C2AA975B1}.Debug|Any CPU.ActiveCfg = Debug|Any CPU
		{61F973C5-3A70-48B5-974B-1B5C2AA975B1}.Debug|Any CPU.Build.0 = Debug|Any CPU
		{61F973C5-3A70-48B5-974B-1B5C2AA975B1}.Release|Any CPU.ActiveCfg = Release|Any CPU
		{61F973C5-3A70-48B5-974B-1B5C2AA975B1}.Release|Any CPU.Build.0 = Release|Any CPU
		{7F8785C3-3485-4214-A3BE-92E7447FFEB3}.Debug|Any CPU.ActiveCfg = Debug|Any CPU
		{7F8785C3-3485-4214-A3BE-92E7447FFEB3}.Debug|Any CPU.Build.0 = Debug|Any CPU
		{7F8785C3-3485-4214-A3BE-92E7447FFEB3}.Release|Any CPU.ActiveCfg = Release|Any CPU
		{7F8785C3-3485-4214-A3BE-92E7447FFEB3}.Release|Any CPU.Build.0 = Release|Any CPU
	EndGlobalSection
	GlobalSection(SolutionProperties) = preSolution
		HideSolutionNode = FALSE
	EndGlobalSection
	GlobalSection(ExtensibilityGlobals) = postSolution
		SolutionGuid = {FBB6B267-A921-4E13-9C06-176989C0424B}
	EndGlobalSection
EndGlobal
