
Microsoft Visual Studio Solution File, Format Version 12.00
# Visual Studio 15
VisualStudioVersion = 15.0.28010.2036
MinimumVisualStudioVersion = 10.0.40219.1
Project("{9A19103F-16F7-4668-BE54-9A1E7A4F7556}") = "P01_Predicates", "P01_Predicates\P01_Predicates.csproj", "{61F973C5-3A70-48B5-974B-1B5C2AA975B1}"
EndProject
Project("{9A19103F-16F7-4668-BE54-9A1E7A4F7556}") = "P02_Func", "P02_Func\P02_Func.csproj", "{7F8785C3-3485-4214-A3BE-92E7447FFEB3}"
EndProject
Project("{9A19103F-16F7-4668-BE54-9A1E7A4F7556}") = "P03_Action", "P03_Action\P03_Action.csproj", "{87904095-E6A4-4134-8220-5B9B8A4B9D55}"
EndProject
Project("{9A19103F-16F7-4668-BE54-9A1E7A4F7556}") = "P04_CustomLINQExtensionMethods", "P04_CustomLINQExtensionMethods\P04_CustomLINQExtensionMethods.csproj", "{8FEAA011-608E-4F34-9630-8EA069AE382D}"
EndProject
Project("{9A19103F-16F7-4668-BE54-9A1E7A4F7556}") = "P05_InterestCalculator", "P05_InterestCalculator\P05_InterestCalculator.csproj", "{CBF705B1-39D2-460A-9347-37672ABFC83A}"
EndProject
Project("{FAE04EC0-301F-11D3-BF4B-00C04F79EFBC}") = "P06_AsynchronousTimer", "P06_AsynchronousTimer\P06_AsynchronousTimer.csproj", "{B56827F7-B47C-4DD4-9967-DD1EDEAFF019}"
EndProject
Project("{FAE04EC0-301F-11D3-BF4B-00C04F79EFBC}") = "P07_StudentClass", "P07_StudentClass\P07_StudentClass.csproj", "{A3CDB4DE-D82B-4AB7-AB81-2C09095EE81F}"
EndProject
Global
	GlobalSection(SolutionConfigurationPlatforms) = preSolution
		Debug|Any CPU = Debug|Any CPU
		Release|Any CPU = Release|Any CPU
	EndGlobalSection
	GlobalSection(ProjectConfigurationPlatforms) = postSolution
		{61F973C5-3A70-48B5-974B-1B5C2AA975B1}.Debug|Any CPU.ActiveCfg = Debug|Any CPU
		{61F973C5-3A70-48B5-974B-1B5C2AA975B1}.Debug|Any CPU.Build.0 = Debug|Any CPU
		{61F973C5-3A70-48B5-974B-1B5C2AA975B1}.Release|Any CPU.ActiveCfg = Release|Any CPU
		{61F973C5-3A70-48B5-974B-1B5C2AA975B1}.Release|Any CPU.Build.0 = Release|Any CPU
		{7F8785C3-3485-4214-A3BE-92E7447FFEB3}.Debug|Any CPU.ActiveCfg = Debug|Any CPU
		{7F8785C3-3485-4214-A3BE-92E7447FFEB3}.Debug|Any CPU.Build.0 = Debug|Any CPU
		{7F8785C3-3485-4214-A3BE-92E7447FFEB3}.Release|Any CPU.ActiveCfg = Release|Any CPU
		{7F8785C3-3485-4214-A3BE-92E7447FFEB3}.Release|Any CPU.Build.0 = Release|Any CPU
		{87904095-E6A4-4134-8220-5B9B8A4B9D55}.Debug|Any CPU.ActiveCfg = Debug|Any CPU
		{87904095-E6A4-4134-8220-5B9B8A4B9D55}.Debug|Any CPU.Build.0 = Debug|Any CPU
		{87904095-E6A4-4134-8220-5B9B8A4B9D55}.Release|Any CPU.ActiveCfg = Release|Any CPU
		{87904095-E6A4-4134-8220-5B9B8A4B9D55}.Release|Any CPU.Build.0 = Release|Any CPU
		{8FEAA011-608E-4F34-9630-8EA069AE382D}.Debug|Any CPU.ActiveCfg = Debug|Any CPU
		{8FEAA011-608E-4F34-9630-8EA069AE382D}.Debug|Any CPU.Build.0 = Debug|Any CPU
		{8FEAA011-608E-4F34-9630-8EA069AE382D}.Release|Any CPU.ActiveCfg = Release|Any CPU
		{8FEAA011-608E-4F34-9630-8EA069AE382D}.Release|Any CPU.Build.0 = Release|Any CPU
		{CBF705B1-39D2-460A-9347-37672ABFC83A}.Debug|Any CPU.ActiveCfg = Debug|Any CPU
		{CBF705B1-39D2-460A-9347-37672ABFC83A}.Debug|Any CPU.Build.0 = Debug|Any CPU
		{CBF705B1-39D2-460A-9347-37672ABFC83A}.Release|Any CPU.ActiveCfg = Release|Any CPU
		{CBF705B1-39D2-460A-9347-37672ABFC83A}.Release|Any CPU.Build.0 = Release|Any CPU
		{B56827F7-B47C-4DD4-9967-DD1EDEAFF019}.Debug|Any CPU.ActiveCfg = Debug|Any CPU
		{B56827F7-B47C-4DD4-9967-DD1EDEAFF019}.Debug|Any CPU.Build.0 = Debug|Any CPU
		{B56827F7-B47C-4DD4-9967-DD1EDEAFF019}.Release|Any CPU.ActiveCfg = Release|Any CPU
		{B56827F7-B47C-4DD4-9967-DD1EDEAFF019}.Release|Any CPU.Build.0 = Release|Any CPU
		{A3CDB4DE-D82B-4AB7-AB81-2C09095EE81F}.Debug|Any CPU.ActiveCfg = Debug|Any CPU
		{A3CDB4DE-D82B-4AB7-AB81-2C09095EE81F}.Debug|Any CPU.Build.0 = Debug|Any CPU
		{A3CDB4DE-D82B-4AB7-AB81-2C09095EE81F}.Release|Any CPU.ActiveCfg = Release|Any CPU
		{A3CDB4DE-D82B-4AB7-AB81-2C09095EE81F}.Release|Any CPU.Build.0 = Release|Any CPU
	EndGlobalSection
	GlobalSection(SolutionProperties) = preSolution
		HideSolutionNode = FALSE
	EndGlobalSection
	GlobalSection(ExtensibilityGlobals) = postSolution
		SolutionGuid = {FBB6B267-A921-4E13-9C06-176989C0424B}
	EndGlobalSection
EndGlobal
