
Microsoft Visual Studio Solution File, Format Version 12.00
# Visual Studio 15
VisualStudioVersion = 15.0.27703.2047
MinimumVisualStudioVersion = 10.0.40219.1
Project("{9A19103F-16F7-4668-BE54-9A1E7A4F7556}") = "P01_Minedraft", "P01_Minedraft\P01_Minedraft.csproj", "{EF69EE1D-FA1E-4842-BF4E-0C5DF69BEFCD}"
EndProject
Project("{9A19103F-16F7-4668-BE54-9A1E7A4F7556}") = "P02_GrandPrix", "P02_GrandPrix\P02_GrandPrix.csproj", "{AA5134A2-3834-4A8D-BCC4-7788C6F6707F}"
EndProject
Project("{FAE04EC0-301F-11D3-BF4B-00C04F79EFBC}") = "P03_Avatar", "P03_Avatar\P03_Avatar.csproj", "{D560D244-F5A4-420F-BB2A-7A07ABBB8FDF}"
EndProject
Project("{FAE04EC0-301F-11D3-BF4B-00C04F79EFBC}") = "P04_NeedForSpeed", "P04_NeedForSpeed\P04_NeedForSpeed.csproj", "{C2C803E1-01D0-43F6-8FAD-E6E39A34837D}"
EndProject
Global
	GlobalSection(SolutionConfigurationPlatforms) = preSolution
		Debug|Any CPU = Debug|Any CPU
		Release|Any CPU = Release|Any CPU
	EndGlobalSection
	GlobalSection(ProjectConfigurationPlatforms) = postSolution
		{EF69EE1D-FA1E-4842-BF4E-0C5DF69BEFCD}.Debug|Any CPU.ActiveCfg = Debug|Any CPU
		{EF69EE1D-FA1E-4842-BF4E-0C5DF69BEFCD}.Debug|Any CPU.Build.0 = Debug|Any CPU
		{EF69EE1D-FA1E-4842-BF4E-0C5DF69BEFCD}.Release|Any CPU.ActiveCfg = Release|Any CPU
		{EF69EE1D-FA1E-4842-BF4E-0C5DF69BEFCD}.Release|Any CPU.Build.0 = Release|Any CPU
		{AA5134A2-3834-4A8D-BCC4-7788C6F6707F}.Debug|Any CPU.ActiveCfg = Debug|Any CPU
		{AA5134A2-3834-4A8D-BCC4-7788C6F6707F}.Debug|Any CPU.Build.0 = Debug|Any CPU
		{AA5134A2-3834-4A8D-BCC4-7788C6F6707F}.Release|Any CPU.ActiveCfg = Release|Any CPU
		{AA5134A2-3834-4A8D-BCC4-7788C6F6707F}.Release|Any CPU.Build.0 = Release|Any CPU
		{D560D244-F5A4-420F-BB2A-7A07ABBB8FDF}.Debug|Any CPU.ActiveCfg = Debug|Any CPU
		{D560D244-F5A4-420F-BB2A-7A07ABBB8FDF}.Debug|Any CPU.Build.0 = Debug|Any CPU
		{D560D244-F5A4-420F-BB2A-7A07ABBB8FDF}.Release|Any CPU.ActiveCfg = Release|Any CPU
		{D560D244-F5A4-420F-BB2A-7A07ABBB8FDF}.Release|Any CPU.Build.0 = Release|Any CPU
		{C2C803E1-01D0-43F6-8FAD-E6E39A34837D}.Debug|Any CPU.ActiveCfg = Debug|Any CPU
		{C2C803E1-01D0-43F6-8FAD-E6E39A34837D}.Debug|Any CPU.Build.0 = Debug|Any CPU
		{C2C803E1-01D0-43F6-8FAD-E6E39A34837D}.Release|Any CPU.ActiveCfg = Release|Any CPU
		{C2C803E1-01D0-43F6-8FAD-E6E39A34837D}.Release|Any CPU.Build.0 = Release|Any CPU
	EndGlobalSection
	GlobalSection(SolutionProperties) = preSolution
		HideSolutionNode = FALSE
	EndGlobalSection
	GlobalSection(ExtensibilityGlobals) = postSolution
		SolutionGuid = {957E2B15-8D48-460E-BBDA-246E885C3538}
	EndGlobalSection
EndGlobal
