
Microsoft Visual Studio Solution File, Format Version 12.00
# Visual Studio 15
VisualStudioVersion = 15.0.27703.2042
MinimumVisualStudioVersion = 10.0.40219.1
Project("{FAE04EC0-301F-11D3-BF4B-00C04F79EFBC}") = "01. Rhombus of Stars", "01. Rhombus of Stars\01. Rhombus of Stars.csproj", "{A1E98B13-3FD5-4901-BD84-586A50AE4854}"
EndProject
Project("{FAE04EC0-301F-11D3-BF4B-00C04F79EFBC}") = "02. Point in Rectangle", "02. Point in Rectangle\02. Point in Rectangle.csproj", "{E0C53386-68F2-4D7B-87F8-FF43B87996D3}"
EndProject
Project("{FAE04EC0-301F-11D3-BF4B-00C04F79EFBC}") = "03. Student System", "03. Student System\03. Student System.csproj", "{9A6961D1-A4FB-4FDD-986E-8DED6A56FCC1}"
EndProject
Global
	GlobalSection(SolutionConfigurationPlatforms) = preSolution
		Debug|Any CPU = Debug|Any CPU
		Release|Any CPU = Release|Any CPU
	EndGlobalSection
	GlobalSection(ProjectConfigurationPlatforms) = postSolution
		{A1E98B13-3FD5-4901-BD84-586A50AE4854}.Debug|Any CPU.ActiveCfg = Debug|Any CPU
		{A1E98B13-3FD5-4901-BD84-586A50AE4854}.Debug|Any CPU.Build.0 = Debug|Any CPU
		{A1E98B13-3FD5-4901-BD84-586A50AE4854}.Release|Any CPU.ActiveCfg = Release|Any CPU
		{A1E98B13-3FD5-4901-BD84-586A50AE4854}.Release|Any CPU.Build.0 = Release|Any CPU
		{E0C53386-68F2-4D7B-87F8-FF43B87996D3}.Debug|Any CPU.ActiveCfg = Debug|Any CPU
		{E0C53386-68F2-4D7B-87F8-FF43B87996D3}.Debug|Any CPU.Build.0 = Debug|Any CPU
		{E0C53386-68F2-4D7B-87F8-FF43B87996D3}.Release|Any CPU.ActiveCfg = Release|Any CPU
		{E0C53386-68F2-4D7B-87F8-FF43B87996D3}.Release|Any CPU.Build.0 = Release|Any CPU
		{9A6961D1-A4FB-4FDD-986E-8DED6A56FCC1}.Debug|Any CPU.ActiveCfg = Debug|Any CPU
		{9A6961D1-A4FB-4FDD-986E-8DED6A56FCC1}.Debug|Any CPU.Build.0 = Debug|Any CPU
		{9A6961D1-A4FB-4FDD-986E-8DED6A56FCC1}.Release|Any CPU.ActiveCfg = Release|Any CPU
		{9A6961D1-A4FB-4FDD-986E-8DED6A56FCC1}.Release|Any CPU.Build.0 = Release|Any CPU
	EndGlobalSection
	GlobalSection(SolutionProperties) = preSolution
		HideSolutionNode = FALSE
	EndGlobalSection
	GlobalSection(ExtensibilityGlobals) = postSolution
		SolutionGuid = {8338CB31-AAD3-45BA-B6AE-C9B1ED53D346}
	EndGlobalSection
EndGlobal
